
Microsoft Visual Studio Solution File, Format Version 12.00
# Visual Studio Version 17
VisualStudioVersion = 17.14.36518.9 d17.14
MinimumVisualStudioVersion = 10.0.40219.1
Project("{FAE04EC0-301F-11D3-BF4B-00C04F79EFBC}") = "CampusLearn", "CampusLearn\CampusLearn.csproj", "{0AF01952-5871-46F1-B512-17D1FFAEA571}"
EndProject
Global
	GlobalSection(SolutionConfigurationPlatforms) = preSolution
		Debug|Any CPU = Debug|Any CPU
		Release|Any CPU = Release|Any CPU
	EndGlobalSection
	GlobalSection(ProjectConfigurationPlatforms) = postSolution
		{0AF01952-5871-46F1-B512-17D1FFAEA571}.Debug|Any CPU.ActiveCfg = Debug|Any CPU
		{0AF01952-5871-46F1-B512-17D1FFAEA571}.Debug|Any CPU.Build.0 = Debug|Any CPU
		{0AF01952-5871-46F1-B512-17D1FFAEA571}.Release|Any CPU.ActiveCfg = Release|Any CPU
		{0AF01952-5871-46F1-B512-17D1FFAEA571}.Release|Any CPU.Build.0 = Release|Any CPU
	EndGlobalSection
	GlobalSection(SolutionProperties) = preSolution
		HideSolutionNode = FALSE
	EndGlobalSection
	GlobalSection(ExtensibilityGlobals) = postSolution
		SolutionGuid = {B9202126-E017-492E-8F1C-D267CC9450F4}
	EndGlobalSection
EndGlobal
